
Microsoft Visual Studio Solution File, Format Version 12.00
# Visual Studio 15
VisualStudioVersion = 15.0.28307.779
MinimumVisualStudioVersion = 10.0.40219.1
Project("{FAE04EC0-301F-11D3-BF4B-00C04F79EFBC}") = "JenkinsBuildApp", "JenkinsBuildApp\JenkinsBuildApp.csproj", "{7B93F13B-4577-46F4-9D59-1FC26674A19A}"
EndProject
Project("{FAE04EC0-301F-11D3-BF4B-00C04F79EFBC}") = "UnitTestProject", "UnitTestProject\UnitTestProject.csproj", "{D73A5F87-06EF-4AB8-8957-B6674B4B2E85}"
EndProject
Global
	GlobalSection(SolutionConfigurationPlatforms) = preSolution
		Debug|Any CPU = Debug|Any CPU
		Release|Any CPU = Release|Any CPU
	EndGlobalSection
	GlobalSection(ProjectConfigurationPlatforms) = postSolution
		{7B93F13B-4577-46F4-9D59-1FC26674A19A}.Debug|Any CPU.ActiveCfg = Debug|Any CPU
		{7B93F13B-4577-46F4-9D59-1FC26674A19A}.Debug|Any CPU.Build.0 = Debug|Any CPU
		{7B93F13B-4577-46F4-9D59-1FC26674A19A}.Release|Any CPU.ActiveCfg = Release|Any CPU
		{7B93F13B-4577-46F4-9D59-1FC26674A19A}.Release|Any CPU.Build.0 = Release|Any CPU
		{D73A5F87-06EF-4AB8-8957-B6674B4B2E85}.Debug|Any CPU.ActiveCfg = Debug|Any CPU
		{D73A5F87-06EF-4AB8-8957-B6674B4B2E85}.Debug|Any CPU.Build.0 = Debug|Any CPU
		{D73A5F87-06EF-4AB8-8957-B6674B4B2E85}.Release|Any CPU.ActiveCfg = Release|Any CPU
		{D73A5F87-06EF-4AB8-8957-B6674B4B2E85}.Release|Any CPU.Build.0 = Release|Any CPU
	EndGlobalSection
	GlobalSection(SolutionProperties) = preSolution
		HideSolutionNode = FALSE
	EndGlobalSection
	GlobalSection(ExtensibilityGlobals) = postSolution
		SolutionGuid = {7AB5E60D-7E3D-4B70-82B6-FBDBCA0C4358}
	EndGlobalSection
EndGlobal
